<?xml version="1.0" encoding="UTF-8" standalone="yes" ?>
<CodeBlocks_project_file>
	<FileVersion major="1" minor="6" />
	<Project>
		<Option title="VentilSteuerung" />
		<Option pch_mode="2" />
		<Option compiler="avr-gcc" />
		<Build>
			<Target title="Ventilsteuerung 1">
				<Option output="bin/Release/VentilSteuerung.elf" prefix_auto="1" extension_auto="0" />
				<Option working_dir="" />
				<Option object_output="obj/Release/" />
				<Option type="5" />
				<Option compiler="avr-gcc" />
				<Compiler>
					<Add option="-fomit-frame-pointer" />
					<Add option="-Os" />
					<Add option="-Wall" />
					<Add option="-DNDEBUG" />
					<Add option="-DF_CPU=29491200UL" />
					<Add option="-DSYSCLK=CLK32M" />
					<Add option="-DPLL=0" />
					<Add option="-DCLOCK_CALIBRATION=90" />
					<Add option="-DNODE_STRING=V1" />
					<Add directory="./" />
				</Compiler>
				<Linker>
					<Add option="-s" />
				</Linker>
			</Target>
			<Environment>
				<Variable name="MCU" value="atxmega128a4u" />
			</Environment>
		</Build>
		<Compiler>
			<Add option="-Wall" />
			<Add option="-std=c++14" />
			<Add option="-mmcu=atxmega128a4u" />
			<Add option="-c -fpermissive" />
			<Add option="-Wno-enum-compare" />
			<Add option="-MD -MP -MF" />
			<Add option="-ffunction-sections" />
			<Add option="-fdata-sections" />
			<Add option="-fpack-struct" />
			<Add option="-funsigned-char" />
			<Add option="-funsigned-bitfields" />
			<Add directory="/home/christof/Downloads/avr8-gnu-toolchain-linux_x86_64/avr/lib/avrxmega2" />
			<Add directory="/home/christof/Downloads/avr8-gnu-toolchain-linux_x86_64/avr/include" />
			<Add directory="/home/christof/Daten/Software/repositories/communication" />
			<Add directory="/home/christof/Daten/Software/repositories/ComReceiver" />
			<Add directory="/home/christof/Daten/Software/repositories/Secrets" />
			<Add directory="/home/christof/Daten/Software/repositories/xmegaClocks" />
			<Add directory="/home/christof/Daten/Software/repositories/VentilSteuerung" />
			<Add directory="/home/christof/Daten/Software/repositories/twiMaster" />
			<Add directory="/home/christof/Daten/Software/repositories/max7328" />
			<Add directory="/home/christof/Daten/Software/repositories/maxim1W" />
			<Add directory="/home/christof/Daten/Software/repositories/sht2x" />
			<Add directory="/home/christof/Daten/Software/repositories/timer" />
		</Compiler>
		<Linker>
			<Add option="-mmcu=atxmega128a4u" />
			<Add option="-Wl,-Map=$(TARGET_OUTPUT_DIR)$(TARGET_OUTPUT_BASENAME).map,--cref" />
			<Add option="-Wl,-u,vfprintf" />
			<Add option="-Wl,--gc-sections" />
			<Add library="libm" />
			<Add library="libprintf_flt" />
		</Linker>
		<ExtraCommands>
			<Add after="avr-size $(TARGET_OUTPUT_FILE)" />
			<Add after="avr-objdump -h -S $(TARGET_OUTPUT_FILE) &gt; $(TARGET_OUTPUT_DIR)$(TARGET_OUTPUT_BASENAME).lss" />
			<Add after="avr-objcopy -R .eeprom -R .fuse -R .lock -R .signature -O ihex $(TARGET_OUTPUT_FILE) $(TARGET_OUTPUT_DIR)$(TARGET_OUTPUT_BASENAME).hex" />
			<Add after="avr-objcopy --no-change-warnings -j .eeprom --change-section-lma .eeprom=0 -O ihex $(TARGET_OUTPUT_FILE) $(TARGET_OUTPUT_DIR)$(TARGET_OUTPUT_BASENAME).eep" />
			<Add after="avr-objcopy --no-change-warnings -j .lock --change-section-lma .lock=0 -O ihex $(TARGET_OUTPUT_FILE) $(TARGET_OUTPUT_DIR)$(TARGET_OUTPUT_BASENAME).lock" />
			<Add after="avr-objcopy --no-change-warnings -j .signature --change-section-lma .signature=0 -O ihex $(TARGET_OUTPUT_FILE) $(TARGET_OUTPUT_DIR)$(TARGET_OUTPUT_BASENAME).sig" />
		</ExtraCommands>
		<Unit filename="../ComReceiver/ComReceiver.cpp" />
		<Unit filename="../ComReceiver/ComReceiver.h" />
		<Unit filename="../ComReceiver/Operators.cpp" />
		<Unit filename="../ComReceiver/Operators.h" />
		<Unit filename="../ComReceiver/cmultiStandardCommands.cpp" />
		<Unit filename="../ComReceiver/cmultiStandardCommands.h" />
		<Unit filename="../Secrets/secrets.h" />
		<Unit filename="../communication/CRC_Calc.cpp" />
		<Unit filename="../communication/CRC_Calc.h" />
		<Unit filename="../communication/Communication.cpp" />
		<Unit filename="../communication/Communication.h" />
		<Unit filename="../communication/Serial.cpp" />
		<Unit filename="../communication/Serial.h" />
		<Unit filename="../communication/UART.h" />
		<Unit filename="../max7328/max7328.cpp" />
		<Unit filename="../max7328/max7328.h" />
		<Unit filename="../maxim1W/Masters/DS248x/DS2484/DS2484.cpp" />
		<Unit filename="../maxim1W/Masters/DS248x/DS2484/DS2484.h" />
		<Unit filename="../maxim1W/Masters/DS248x/DS248x.cpp" />
		<Unit filename="../maxim1W/Masters/DS248x/DS248x.h" />
		<Unit filename="../maxim1W/Masters/Masters.h" />
		<Unit filename="../maxim1W/Masters/OneWireMaster.cpp" />
		<Unit filename="../maxim1W/Masters/OneWireMaster.h" />
		<Unit filename="../maxim1W/RomId/RomCommands.cpp" />
		<Unit filename="../maxim1W/RomId/RomCommands.h" />
		<Unit filename="../maxim1W/RomId/RomId.h" />
		<Unit filename="../maxim1W/RomId/RomIterator.cpp" />
		<Unit filename="../maxim1W/RomId/RomIterator.h" />
		<Unit filename="../maxim1W/Slaves/Authenticators/Authenticators.h" />
		<Unit filename="../maxim1W/Slaves/Bridges/Bridges.h" />
		<Unit filename="../maxim1W/Slaves/Bridges/DS28E17/DS28E17.cpp" />
		<Unit filename="../maxim1W/Slaves/Bridges/DS28E17/DS28E17.h" />
		<Unit filename="../maxim1W/Slaves/Memory/DS2431/DS2431.cpp" />
		<Unit filename="../maxim1W/Slaves/Memory/DS2431/DS2431.h" />
		<Unit filename="../maxim1W/Slaves/Memory/Memory.h" />
		<Unit filename="../maxim1W/Slaves/OneWireSlave.h" />
		<Unit filename="../maxim1W/Slaves/Sensors/DS18B20/DS18B20.cpp" />
		<Unit filename="../maxim1W/Slaves/Sensors/DS18B20/DS18B20.h" />
		<Unit filename="../maxim1W/Slaves/Sensors/DS1920/DS1920.cpp" />
		<Unit filename="../maxim1W/Slaves/Sensors/DS1920/DS1920.h" />
		<Unit filename="../maxim1W/Slaves/Sensors/Sensors.h" />
		<Unit filename="../maxim1W/Slaves/Slaves.h" />
		<Unit filename="../maxim1W/Slaves/Switches/DS2413/DS2413.cpp" />
		<Unit filename="../maxim1W/Slaves/Switches/DS2413/DS2413.h" />
		<Unit filename="../maxim1W/Slaves/Switches/Switches.h" />
		<Unit filename="../maxim1W/Utilities/array.h" />
		<Unit filename="../maxim1W/Utilities/crc.cpp" />
		<Unit filename="../maxim1W/Utilities/crc.h" />
		<Unit filename="../sht2x/shtc3.cpp" />
		<Unit filename="../sht2x/shtc3.h" />
		<Unit filename="../timer/timer.cpp" />
		<Unit filename="../timer/timer.h" />
		<Unit filename="../twiMaster/twi_master_driver.cpp" />
		<Unit filename="../twiMaster/twi_master_driver.h" />
		<Unit filename="../xmegaClocks/xmegaClocks.cpp" />
		<Unit filename="../xmegaClocks/xmegaClocks.h" />
		<Unit filename="CommandFunctions.cpp" />
		<Unit filename="CommandFunctions.h" />
		<Unit filename="External.h" />
		<Unit filename="Globals.cpp" />
		<Unit filename="LuefterHardware.h" />
		<Unit filename="OneWire.h" />
		<Unit filename="TempSensor.cpp" />
		<Unit filename="TempSensor.h" />
		<Unit filename="VentilSteuerung.cpp" />
		<Unit filename="VentilSteuerung.h" />
		<Unit filename="Wire.cpp" />
		<Unit filename="Wire.h" />
		<Unit filename="ledHardware.h" />
		<Unit filename="myTimers.cpp" />
		<Unit filename="myTimers.h" />
		<Unit filename="myconstants.h" />
		<Unit filename="uartHardware.h" />
		<Extensions>
			<lib_finder disable_auto="1" />
		</Extensions>
	</Project>
</CodeBlocks_project_file>
